
Microsoft Visual Studio Solution File, Format Version 12.00
# Visual Studio Version 17
VisualStudioVersion = 17.7.34024.191
MinimumVisualStudioVersion = 10.0.40219.1
Project("{FAE04EC0-301F-11D3-BF4B-00C04F79EFBC}") = "BitBrushAPI", "BitBrushAPI\BitBrushAPI.csproj", "{29A15385-84F9-4394-B505-7012695A277F}"
EndProject
Global
	GlobalSection(SolutionConfigurationPlatforms) = preSolution
		Debug|Any CPU = Debug|Any CPU
		Release|Any CPU = Release|Any CPU
	EndGlobalSection
	GlobalSection(ProjectConfigurationPlatforms) = postSolution
		{29A15385-84F9-4394-B505-7012695A277F}.Debug|Any CPU.ActiveCfg = Debug|Any CPU
		{29A15385-84F9-4394-B505-7012695A277F}.Debug|Any CPU.Build.0 = Debug|Any CPU
		{29A15385-84F9-4394-B505-7012695A277F}.Release|Any CPU.ActiveCfg = Release|Any CPU
		{29A15385-84F9-4394-B505-7012695A277F}.Release|Any CPU.Build.0 = Release|Any CPU
	EndGlobalSection
	GlobalSection(SolutionProperties) = preSolution
		HideSolutionNode = FALSE
	EndGlobalSection
	GlobalSection(ExtensibilityGlobals) = postSolution
		SolutionGuid = {0808F3C1-CB0E-49EC-9D8D-FEE02AF93A07}
	EndGlobalSection
EndGlobal
